
Microsoft Visual Studio Solution File, Format Version 12.00
# Visual Studio 15
VisualStudioVersion = 15.0.28010.2016
MinimumVisualStudioVersion = 10.0.40219.1
Project("{FAE04EC0-301F-11D3-BF4B-00C04F79EFBC}") = "TweedeTryXamarin.Android", "TweedeTryXamarin\TweedeTryXamarin.Android\TweedeTryXamarin.Android.csproj", "{C9BE6364-0836-4BBE-8283-18D85D7F0CE5}"
EndProject
Project("{FAE04EC0-301F-11D3-BF4B-00C04F79EFBC}") = "TweedeTryXamarin.iOS", "TweedeTryXamarin\TweedeTryXamarin.iOS\TweedeTryXamarin.iOS.csproj", "{07B46D17-50E2-4166-8A73-0E774E90106A}"
EndProject
Project("{FAE04EC0-301F-11D3-BF4B-00C04F79EFBC}") = "TweedeTryXamarin", "TweedeTryXamarin\TweedeTryXamarin\TweedeTryXamarin.csproj", "{22F058D9-67FF-4E29-B0ED-285867571DBB}"
EndProject
Global
	GlobalSection(SolutionConfigurationPlatforms) = preSolution
		Ad-Hoc|Any CPU = Ad-Hoc|Any CPU
		Ad-Hoc|iPhone = Ad-Hoc|iPhone
		Ad-Hoc|iPhoneSimulator = Ad-Hoc|iPhoneSimulator
		AppStore|Any CPU = AppStore|Any CPU
		AppStore|iPhone = AppStore|iPhone
		AppStore|iPhoneSimulator = AppStore|iPhoneSimulator
		Debug|Any CPU = Debug|Any CPU
		Debug|iPhone = Debug|iPhone
		Debug|iPhoneSimulator = Debug|iPhoneSimulator
		Release|Any CPU = Release|Any CPU
		Release|iPhone = Release|iPhone
		Release|iPhoneSimulator = Release|iPhoneSimulator
	EndGlobalSection
	GlobalSection(ProjectConfigurationPlatforms) = postSolution
		{C9BE6364-0836-4BBE-8283-18D85D7F0CE5}.Ad-Hoc|Any CPU.ActiveCfg = Release|Any CPU
		{C9BE6364-0836-4BBE-8283-18D85D7F0CE5}.Ad-Hoc|Any CPU.Build.0 = Release|Any CPU
		{C9BE6364-0836-4BBE-8283-18D85D7F0CE5}.Ad-Hoc|Any CPU.Deploy.0 = Release|Any CPU
		{C9BE6364-0836-4BBE-8283-18D85D7F0CE5}.Ad-Hoc|iPhone.ActiveCfg = Release|Any CPU
		{C9BE6364-0836-4BBE-8283-18D85D7F0CE5}.Ad-Hoc|iPhone.Build.0 = Release|Any CPU
		{C9BE6364-0836-4BBE-8283-18D85D7F0CE5}.Ad-Hoc|iPhone.Deploy.0 = Release|Any CPU
		{C9BE6364-0836-4BBE-8283-18D85D7F0CE5}.Ad-Hoc|iPhoneSimulator.ActiveCfg = Release|Any CPU
		{C9BE6364-0836-4BBE-8283-18D85D7F0CE5}.Ad-Hoc|iPhoneSimulator.Build.0 = Release|Any CPU
		{C9BE6364-0836-4BBE-8283-18D85D7F0CE5}.Ad-Hoc|iPhoneSimulator.Deploy.0 = Release|Any CPU
		{C9BE6364-0836-4BBE-8283-18D85D7F0CE5}.AppStore|Any CPU.ActiveCfg = Release|Any CPU
		{C9BE6364-0836-4BBE-8283-18D85D7F0CE5}.AppStore|Any CPU.Build.0 = Release|Any CPU
		{C9BE6364-0836-4BBE-8283-18D85D7F0CE5}.AppStore|Any CPU.Deploy.0 = Release|Any CPU
		{C9BE6364-0836-4BBE-8283-18D85D7F0CE5}.AppStore|iPhone.ActiveCfg = Release|Any CPU
		{C9BE6364-0836-4BBE-8283-18D85D7F0CE5}.AppStore|iPhone.Build.0 = Release|Any CPU
		{C9BE6364-0836-4BBE-8283-18D85D7F0CE5}.AppStore|iPhone.Deploy.0 = Release|Any CPU
		{C9BE6364-0836-4BBE-8283-18D85D7F0CE5}.AppStore|iPhoneSimulator.ActiveCfg = Release|Any CPU
		{C9BE6364-0836-4BBE-8283-18D85D7F0CE5}.AppStore|iPhoneSimulator.Build.0 = Release|Any CPU
		{C9BE6364-0836-4BBE-8283-18D85D7F0CE5}.AppStore|iPhoneSimulator.Deploy.0 = Release|Any CPU
		{C9BE6364-0836-4BBE-8283-18D85D7F0CE5}.Debug|Any CPU.ActiveCfg = Debug|Any CPU
		{C9BE6364-0836-4BBE-8283-18D85D7F0CE5}.Debug|Any CPU.Build.0 = Debug|Any CPU
		{C9BE6364-0836-4BBE-8283-18D85D7F0CE5}.Debug|Any CPU.Deploy.0 = Debug|Any CPU
		{C9BE6364-0836-4BBE-8283-18D85D7F0CE5}.Debug|iPhone.ActiveCfg = Debug|Any CPU
		{C9BE6364-0836-4BBE-8283-18D85D7F0CE5}.Debug|iPhone.Build.0 = Debug|Any CPU
		{C9BE6364-0836-4BBE-8283-18D85D7F0CE5}.Debug|iPhone.Deploy.0 = Debug|Any CPU
		{C9BE6364-0836-4BBE-8283-18D85D7F0CE5}.Debug|iPhoneSimulator.ActiveCfg = Debug|Any CPU
		{C9BE6364-0836-4BBE-8283-18D85D7F0CE5}.Debug|iPhoneSimulator.Build.0 = Debug|Any CPU
		{C9BE6364-0836-4BBE-8283-18D85D7F0CE5}.Debug|iPhoneSimulator.Deploy.0 = Debug|Any CPU
		{C9BE6364-0836-4BBE-8283-18D85D7F0CE5}.Release|Any CPU.ActiveCfg = Release|Any CPU
		{C9BE6364-0836-4BBE-8283-18D85D7F0CE5}.Release|Any CPU.Build.0 = Release|Any CPU
		{C9BE6364-0836-4BBE-8283-18D85D7F0CE5}.Release|Any CPU.Deploy.0 = Release|Any CPU
		{C9BE6364-0836-4BBE-8283-18D85D7F0CE5}.Release|iPhone.ActiveCfg = Release|Any CPU
		{C9BE6364-0836-4BBE-8283-18D85D7F0CE5}.Release|iPhone.Build.0 = Release|Any CPU
		{C9BE6364-0836-4BBE-8283-18D85D7F0CE5}.Release|iPhone.Deploy.0 = Release|Any CPU
		{C9BE6364-0836-4BBE-8283-18D85D7F0CE5}.Release|iPhoneSimulator.ActiveCfg = Release|Any CPU
		{C9BE6364-0836-4BBE-8283-18D85D7F0CE5}.Release|iPhoneSimulator.Build.0 = Release|Any CPU
		{C9BE6364-0836-4BBE-8283-18D85D7F0CE5}.Release|iPhoneSimulator.Deploy.0 = Release|Any CPU
		{07B46D17-50E2-4166-8A73-0E774E90106A}.Ad-Hoc|Any CPU.ActiveCfg = Ad-Hoc|iPhone
		{07B46D17-50E2-4166-8A73-0E774E90106A}.Ad-Hoc|Any CPU.Build.0 = Ad-Hoc|iPhone
		{07B46D17-50E2-4166-8A73-0E774E90106A}.Ad-Hoc|Any CPU.Deploy.0 = Ad-Hoc|iPhone
		{07B46D17-50E2-4166-8A73-0E774E90106A}.Ad-Hoc|iPhone.ActiveCfg = Ad-Hoc|iPhone
		{07B46D17-50E2-4166-8A73-0E774E90106A}.Ad-Hoc|iPhone.Build.0 = Ad-Hoc|iPhone
		{07B46D17-50E2-4166-8A73-0E774E90106A}.Ad-Hoc|iPhone.Deploy.0 = Ad-Hoc|iPhone
		{07B46D17-50E2-4166-8A73-0E774E90106A}.Ad-Hoc|iPhoneSimulator.ActiveCfg = Ad-Hoc|iPhoneSimulator
		{07B46D17-50E2-4166-8A73-0E774E90106A}.Ad-Hoc|iPhoneSimulator.Build.0 = Ad-Hoc|iPhoneSimulator
		{07B46D17-50E2-4166-8A73-0E774E90106A}.Ad-Hoc|iPhoneSimulator.Deploy.0 = Ad-Hoc|iPhoneSimulator
		{07B46D17-50E2-4166-8A73-0E774E90106A}.AppStore|Any CPU.ActiveCfg = AppStore|iPhone
		{07B46D17-50E2-4166-8A73-0E774E90106A}.AppStore|Any CPU.Build.0 = AppStore|iPhone
		{07B46D17-50E2-4166-8A73-0E774E90106A}.AppStore|Any CPU.Deploy.0 = AppStore|iPhone
		{07B46D17-50E2-4166-8A73-0E774E90106A}.AppStore|iPhone.ActiveCfg = AppStore|iPhone
		{07B46D17-50E2-4166-8A73-0E774E90106A}.AppStore|iPhone.Build.0 = AppStore|iPhone
		{07B46D17-50E2-4166-8A73-0E774E90106A}.AppStore|iPhone.Deploy.0 = AppStore|iPhone
		{07B46D17-50E2-4166-8A73-0E774E90106A}.AppStore|iPhoneSimulator.ActiveCfg = AppStore|iPhoneSimulator
		{07B46D17-50E2-4166-8A73-0E774E90106A}.AppStore|iPhoneSimulator.Build.0 = AppStore|iPhoneSimulator
		{07B46D17-50E2-4166-8A73-0E774E90106A}.AppStore|iPhoneSimulator.Deploy.0 = AppStore|iPhoneSimulator
		{07B46D17-50E2-4166-8A73-0E774E90106A}.Debug|Any CPU.ActiveCfg = Debug|iPhoneSimulator
		{07B46D17-50E2-4166-8A73-0E774E90106A}.Debug|Any CPU.Build.0 = Debug|iPhoneSimulator
		{07B46D17-50E2-4166-8A73-0E774E90106A}.Debug|Any CPU.Deploy.0 = Debug|iPhoneSimulator
		{07B46D17-50E2-4166-8A73-0E774E90106A}.Debug|iPhone.ActiveCfg = Debug|iPhone
		{07B46D17-50E2-4166-8A73-0E774E90106A}.Debug|iPhone.Build.0 = Debug|iPhone
		{07B46D17-50E2-4166-8A73-0E774E90106A}.Debug|iPhone.Deploy.0 = Debug|iPhone
		{07B46D17-50E2-4166-8A73-0E774E90106A}.Debug|iPhoneSimulator.ActiveCfg = Debug|iPhoneSimulator
		{07B46D17-50E2-4166-8A73-0E774E90106A}.Debug|iPhoneSimulator.Build.0 = Debug|iPhoneSimulator
		{07B46D17-50E2-4166-8A73-0E774E90106A}.Debug|iPhoneSimulator.Deploy.0 = Debug|iPhoneSimulator
		{07B46D17-50E2-4166-8A73-0E774E90106A}.Release|Any CPU.ActiveCfg = Release|iPhone
		{07B46D17-50E2-4166-8A73-0E774E90106A}.Release|Any CPU.Build.0 = Release|iPhone
		{07B46D17-50E2-4166-8A73-0E774E90106A}.Release|Any CPU.Deploy.0 = Release|iPhone
		{07B46D17-50E2-4166-8A73-0E774E90106A}.Release|iPhone.ActiveCfg = Release|iPhone
		{07B46D17-50E2-4166-8A73-0E774E90106A}.Release|iPhone.Build.0 = Release|iPhone
		{07B46D17-50E2-4166-8A73-0E774E90106A}.Release|iPhone.Deploy.0 = Release|iPhone
		{07B46D17-50E2-4166-8A73-0E774E90106A}.Release|iPhoneSimulator.ActiveCfg = Release|iPhoneSimulator
		{07B46D17-50E2-4166-8A73-0E774E90106A}.Release|iPhoneSimulator.Build.0 = Release|iPhoneSimulator
		{07B46D17-50E2-4166-8A73-0E774E90106A}.Release|iPhoneSimulator.Deploy.0 = Release|iPhoneSimulator
		{22F058D9-67FF-4E29-B0ED-285867571DBB}.Ad-Hoc|Any CPU.ActiveCfg = Debug|Any CPU
		{22F058D9-67FF-4E29-B0ED-285867571DBB}.Ad-Hoc|Any CPU.Build.0 = Debug|Any CPU
		{22F058D9-67FF-4E29-B0ED-285867571DBB}.Ad-Hoc|Any CPU.Deploy.0 = Debug|Any CPU
		{22F058D9-67FF-4E29-B0ED-285867571DBB}.Ad-Hoc|iPhone.ActiveCfg = Debug|Any CPU
		{22F058D9-67FF-4E29-B0ED-285867571DBB}.Ad-Hoc|iPhone.Build.0 = Debug|Any CPU
		{22F058D9-67FF-4E29-B0ED-285867571DBB}.Ad-Hoc|iPhone.Deploy.0 = Debug|Any CPU
		{22F058D9-67FF-4E29-B0ED-285867571DBB}.Ad-Hoc|iPhoneSimulator.ActiveCfg = Debug|Any CPU
		{22F058D9-67FF-4E29-B0ED-285867571DBB}.Ad-Hoc|iPhoneSimulator.Build.0 = Debug|Any CPU
		{22F058D9-67FF-4E29-B0ED-285867571DBB}.Ad-Hoc|iPhoneSimulator.Deploy.0 = Debug|Any CPU
		{22F058D9-67FF-4E29-B0ED-285867571DBB}.AppStore|Any CPU.ActiveCfg = Debug|Any CPU
		{22F058D9-67FF-4E29-B0ED-285867571DBB}.AppStore|Any CPU.Build.0 = Debug|Any CPU
		{22F058D9-67FF-4E29-B0ED-285867571DBB}.AppStore|Any CPU.Deploy.0 = Debug|Any CPU
		{22F058D9-67FF-4E29-B0ED-285867571DBB}.AppStore|iPhone.ActiveCfg = Debug|Any CPU
		{22F058D9-67FF-4E29-B0ED-285867571DBB}.AppStore|iPhone.Build.0 = Debug|Any CPU
		{22F058D9-67FF-4E29-B0ED-285867571DBB}.AppStore|iPhone.Deploy.0 = Debug|Any CPU
		{22F058D9-67FF-4E29-B0ED-285867571DBB}.AppStore|iPhoneSimulator.ActiveCfg = Debug|Any CPU
		{22F058D9-67FF-4E29-B0ED-285867571DBB}.AppStore|iPhoneSimulator.Build.0 = Debug|Any CPU
		{22F058D9-67FF-4E29-B0ED-285867571DBB}.AppStore|iPhoneSimulator.Deploy.0 = Debug|Any CPU
		{22F058D9-67FF-4E29-B0ED-285867571DBB}.Debug|Any CPU.ActiveCfg = Debug|Any CPU
		{22F058D9-67FF-4E29-B0ED-285867571DBB}.Debug|Any CPU.Build.0 = Debug|Any CPU
		{22F058D9-67FF-4E29-B0ED-285867571DBB}.Debug|Any CPU.Deploy.0 = Debug|Any CPU
		{22F058D9-67FF-4E29-B0ED-285867571DBB}.Debug|iPhone.ActiveCfg = Debug|Any CPU
		{22F058D9-67FF-4E29-B0ED-285867571DBB}.Debug|iPhone.Build.0 = Debug|Any CPU
		{22F058D9-67FF-4E29-B0ED-285867571DBB}.Debug|iPhone.Deploy.0 = Debug|Any CPU
		{22F058D9-67FF-4E29-B0ED-285867571DBB}.Debug|iPhoneSimulator.ActiveCfg = Debug|Any CPU
		{22F058D9-67FF-4E29-B0ED-285867571DBB}.Debug|iPhoneSimulator.Build.0 = Debug|Any CPU
		{22F058D9-67FF-4E29-B0ED-285867571DBB}.Debug|iPhoneSimulator.Deploy.0 = Debug|Any CPU
		{22F058D9-67FF-4E29-B0ED-285867571DBB}.Release|Any CPU.ActiveCfg = Release|Any CPU
		{22F058D9-67FF-4E29-B0ED-285867571DBB}.Release|Any CPU.Build.0 = Release|Any CPU
		{22F058D9-67FF-4E29-B0ED-285867571DBB}.Release|Any CPU.Deploy.0 = Release|Any CPU
		{22F058D9-67FF-4E29-B0ED-285867571DBB}.Release|iPhone.ActiveCfg = Release|Any CPU
		{22F058D9-67FF-4E29-B0ED-285867571DBB}.Release|iPhone.Build.0 = Release|Any CPU
		{22F058D9-67FF-4E29-B0ED-285867571DBB}.Release|iPhone.Deploy.0 = Release|Any CPU
		{22F058D9-67FF-4E29-B0ED-285867571DBB}.Release|iPhoneSimulator.ActiveCfg = Release|Any CPU
		{22F058D9-67FF-4E29-B0ED-285867571DBB}.Release|iPhoneSimulator.Build.0 = Release|Any CPU
		{22F058D9-67FF-4E29-B0ED-285867571DBB}.Release|iPhoneSimulator.Deploy.0 = Release|Any CPU
	EndGlobalSection
	GlobalSection(SolutionProperties) = preSolution
		HideSolutionNode = FALSE
	EndGlobalSection
	GlobalSection(ExtensibilityGlobals) = postSolution
		SolutionGuid = {45F1DF64-7F2D-4B47-B944-028DE3940C64}
	EndGlobalSection
EndGlobal
